// !$*UTF8*$!
{
	archiveVersion = 1;
	classes = {
	};
	objectVersion = 51;
	objects = {

/* Begin PBXBuildFile section */
		B3072E6C87C82BC28DB2BF80 /* Pods_InterfacesFromCode.framework in Frameworks */ = {isa = PBXBuildFile; fileRef = 7A5A9DD20FBD002FED45A788 /* Pods_InterfacesFromCode.framework */; };
		B38175A426985B9E001B6EE3 /* UIButtonExtensions.swift in Sources */ = {isa = PBXBuildFile; fileRef = B38175A326985B9E001B6EE3 /* UIButtonExtensions.swift */; };
		B3B82B582695B4DC00CAEE20 /* AppDelegate.swift in Sources */ = {isa = PBXBuildFile; fileRef = B3B82B572695B4DC00CAEE20 /* AppDelegate.swift */; };
		B3B82B5A2695B4DC00CAEE20 /* SceneDelegate.swift in Sources */ = {isa = PBXBuildFile; fileRef = B3B82B592695B4DC00CAEE20 /* SceneDelegate.swift */; };
		B3B82B5C2695B4DC00CAEE20 /* MainPageVC.swift in Sources */ = {isa = PBXBuildFile; fileRef = B3B82B5B2695B4DC00CAEE20 /* MainPageVC.swift */; };
		B3B82B612695B4E000CAEE20 /* Assets.xcassets in Resources */ = {isa = PBXBuildFile; fileRef = B3B82B602695B4E000CAEE20 /* Assets.xcassets */; };
		B3B82B642695B4E000CAEE20 /* LaunchScreen.storyboard in Resources */ = {isa = PBXBuildFile; fileRef = B3B82B622695B4E000CAEE20 /* LaunchScreen.storyboard */; };
		B3B82B6F2695C3DE00CAEE20 /* TableViewController.swift in Sources */ = {isa = PBXBuildFile; fileRef = B3B82B6E2695C3DE00CAEE20 /* TableViewController.swift */; };
		B3B82B712695C3F000CAEE20 /* ImageViewController.swift in Sources */ = {isa = PBXBuildFile; fileRef = B3B82B702695C3F000CAEE20 /* ImageViewController.swift */; };
		B3B82B732695CB5500CAEE20 /* MainPageView.swift in Sources */ = {isa = PBXBuildFile; fileRef = B3B82B722695CB5500CAEE20 /* MainPageView.swift */; };
/* End PBXBuildFile section */

/* Begin PBXFileReference section */
		52A56C35A1F9A50E98DA995D /* Pods-InterfacesFromCode.release.xcconfig */ = {isa = PBXFileReference; includeInIndex = 1; lastKnownFileType = text.xcconfig; name = "Pods-InterfacesFromCode.release.xcconfig"; path = "Target Support Files/Pods-InterfacesFromCode/Pods-InterfacesFromCode.release.xcconfig"; sourceTree = "<group>"; };
		6E15DBABA12BF914D817185D /* Pods-InterfacesFromCode.debug.xcconfig */ = {isa = PBXFileReference; includeInIndex = 1; lastKnownFileType = text.xcconfig; name = "Pods-InterfacesFromCode.debug.xcconfig"; path = "Target Support Files/Pods-InterfacesFromCode/Pods-InterfacesFromCode.debug.xcconfig"; sourceTree = "<group>"; };
		7A5A9DD20FBD002FED45A788 /* Pods_InterfacesFromCode.framework */ = {isa = PBXFileReference; explicitFileType = wrapper.framework; includeInIndex = 0; path = Pods_InterfacesFromCode.framework; sourceTree = BUILT_PRODUCTS_DIR; };
		B38175A326985B9E001B6EE3 /* UIButtonExtensions.swift */ = {isa = PBXFileReference; lastKnownFileType = sourcecode.swift; path = UIButtonExtensions.swift; sourceTree = "<group>"; };
		B3B82B542695B4DC00CAEE20 /* InterfacesFromCode.app */ = {isa = PBXFileReference; explicitFileType = wrapper.application; includeInIndex = 0; path = InterfacesFromCode.app; sourceTree = BUILT_PRODUCTS_DIR; };
		B3B82B572695B4DC00CAEE20 /* AppDelegate.swift */ = {isa = PBXFileReference; lastKnownFileType = sourcecode.swift; path = AppDelegate.swift; sourceTree = "<group>"; };
		B3B82B592695B4DC00CAEE20 /* SceneDelegate.swift */ = {isa = PBXFileReference; lastKnownFileType = sourcecode.swift; path = SceneDelegate.swift; sourceTree = "<group>"; };
		B3B82B5B2695B4DC00CAEE20 /* MainPageVC.swift */ = {isa = PBXFileReference; lastKnownFileType = sourcecode.swift; path = MainPageVC.swift; sourceTree = "<group>"; };
		B3B82B602695B4E000CAEE20 /* Assets.xcassets */ = {isa = PBXFileReference; lastKnownFileType = folder.assetcatalog; path = Assets.xcassets; sourceTree = "<group>"; };
		B3B82B632695B4E000CAEE20 /* Base */ = {isa = PBXFileReference; lastKnownFileType = file.storyboard; name = Base; path = Base.lproj/LaunchScreen.storyboard; sourceTree = "<group>"; };
		B3B82B652695B4E000CAEE20 /* Info.plist */ = {isa = PBXFileReference; lastKnownFileType = text.plist.xml; path = Info.plist; sourceTree = "<group>"; };
		B3B82B6E2695C3DE00CAEE20 /* TableViewController.swift */ = {isa = PBXFileReference; lastKnownFileType = sourcecode.swift; path = TableViewController.swift; sourceTree = "<group>"; };
		B3B82B702695C3F000CAEE20 /* ImageViewController.swift */ = {isa = PBXFileReference; lastKnownFileType = sourcecode.swift; path = ImageViewController.swift; sourceTree = "<group>"; };
		B3B82B722695CB5500CAEE20 /* MainPageView.swift */ = {isa = PBXFileReference; lastKnownFileType = sourcecode.swift; path = MainPageView.swift; sourceTree = "<group>"; };
/* End PBXFileReference section */

/* Begin PBXFrameworksBuildPhase section */
		B3B82B512695B4DC00CAEE20 /* Frameworks */ = {
			isa = PBXFrameworksBuildPhase;
			buildActionMask = 2147483647;
			files = (
				B3072E6C87C82BC28DB2BF80 /* Pods_InterfacesFromCode.framework in Frameworks */,
			);
			runOnlyForDeploymentPostprocessing = 0;
		};
/* End PBXFrameworksBuildPhase section */

/* Begin PBXGroup section */
		16241F35F3195D66869CCF93 /* Pods */ = {
			isa = PBXGroup;
			children = (
				6E15DBABA12BF914D817185D /* Pods-InterfacesFromCode.debug.xcconfig */,
				52A56C35A1F9A50E98DA995D /* Pods-InterfacesFromCode.release.xcconfig */,
			);
			path = Pods;
			sourceTree = "<group>";
		};
		B155FED818059D02E756D4F1 /* Frameworks */ = {
			isa = PBXGroup;
			children = (
				7A5A9DD20FBD002FED45A788 /* Pods_InterfacesFromCode.framework */,
			);
			name = Frameworks;
			sourceTree = "<group>";
		};
		B38175A226985B86001B6EE3 /* Extensions */ = {
			isa = PBXGroup;
			children = (
				B38175A326985B9E001B6EE3 /* UIButtonExtensions.swift */,
			);
			path = Extensions;
			sourceTree = "<group>";
		};
		B3B82B4B2695B4DC00CAEE20 = {
			isa = PBXGroup;
			children = (
				B3B82B562695B4DC00CAEE20 /* InterfacesFromCode */,
				B3B82B552695B4DC00CAEE20 /* Products */,
				16241F35F3195D66869CCF93 /* Pods */,
				B155FED818059D02E756D4F1 /* Frameworks */,
			);
			sourceTree = "<group>";
		};
		B3B82B552695B4DC00CAEE20 /* Products */ = {
			isa = PBXGroup;
			children = (
				B3B82B542695B4DC00CAEE20 /* InterfacesFromCode.app */,
			);
			name = Products;
			sourceTree = "<group>";
		};
		B3B82B562695B4DC00CAEE20 /* InterfacesFromCode */ = {
			isa = PBXGroup;
			children = (
				B38175A226985B86001B6EE3 /* Extensions */,
				B3B82B6D2695BD4600CAEE20 /* Models */,
				B3B82B6C2695BD3900CAEE20 /* Controllers */,
				B3B82B6B2695BD3200CAEE20 /* Views */,
				B3B82B572695B4DC00CAEE20 /* AppDelegate.swift */,
				B3B82B592695B4DC00CAEE20 /* SceneDelegate.swift */,
				B3B82B602695B4E000CAEE20 /* Assets.xcassets */,
				B3B82B622695B4E000CAEE20 /* LaunchScreen.storyboard */,
				B3B82B652695B4E000CAEE20 /* Info.plist */,
			);
			path = InterfacesFromCode;
			sourceTree = "<group>";
		};
		B3B82B6B2695BD3200CAEE20 /* Views */ = {
			isa = PBXGroup;
			children = (
				B3B82B722695CB5500CAEE20 /* MainPageView.swift */,
			);
			path = Views;
			sourceTree = "<group>";
		};
		B3B82B6C2695BD3900CAEE20 /* Controllers */ = {
			isa = PBXGroup;
			children = (
				B3B82B5B2695B4DC00CAEE20 /* MainPageVC.swift */,
				B3B82B6E2695C3DE00CAEE20 /* TableViewController.swift */,
				B3B82B702695C3F000CAEE20 /* ImageViewController.swift */,
			);
			path = Controllers;
			sourceTree = "<group>";
		};
		B3B82B6D2695BD4600CAEE20 /* Models */ = {
			isa = PBXGroup;
			children = (
			);
			path = Models;
			sourceTree = "<group>";
		};
/* End PBXGroup section */

/* Begin PBXNativeTarget section */
		B3B82B532695B4DC00CAEE20 /* InterfacesFromCode */ = {
			isa = PBXNativeTarget;
			buildConfigurationList = B3B82B682695B4E000CAEE20 /* Build configuration list for PBXNativeTarget "InterfacesFromCode" */;
			buildPhases = (
				6E51D456AD72EE83676D6A89 /* [CP] Check Pods Manifest.lock */,
				B3B82B502695B4DC00CAEE20 /* Sources */,
				B3B82B512695B4DC00CAEE20 /* Frameworks */,
				B3B82B522695B4DC00CAEE20 /* Resources */,
				DF024199F09D02293EAD63F5 /* [CP] Embed Pods Frameworks */,
			);
			buildRules = (
			);
			dependencies = (
			);
			name = InterfacesFromCode;
			productName = InterfacesFromCode;
			productReference = B3B82B542695B4DC00CAEE20 /* InterfacesFromCode.app */;
			productType = "com.apple.product-type.application";
		};
/* End PBXNativeTarget section */

/* Begin PBXProject section */
		B3B82B4C2695B4DC00CAEE20 /* Project object */ = {
			isa = PBXProject;
			attributes = {
				LastSwiftUpdateCheck = 1250;
				LastUpgradeCheck = 1250;
				TargetAttributes = {
					B3B82B532695B4DC00CAEE20 = {
						CreatedOnToolsVersion = 12.5;
					};
				};
			};
			buildConfigurationList = B3B82B4F2695B4DC00CAEE20 /* Build configuration list for PBXProject "InterfacesFromCode" */;
			compatibilityVersion = "Xcode 9.3";
			developmentRegion = en;
			hasScannedForEncodings = 0;
			knownRegions = (
				en,
				Base,
			);
			mainGroup = B3B82B4B2695B4DC00CAEE20;
			productRefGroup = B3B82B552695B4DC00CAEE20 /* Products */;
			projectDirPath = "";
			projectRoot = "";
			targets = (
				B3B82B532695B4DC00CAEE20 /* InterfacesFromCode */,
			);
		};
/* End PBXProject section */

/* Begin PBXResourcesBuildPhase section */
		B3B82B522695B4DC00CAEE20 /* Resources */ = {
			isa = PBXResourcesBuildPhase;
			buildActionMask = 2147483647;
			files = (
				B3B82B642695B4E000CAEE20 /* LaunchScreen.storyboard in Resources */,
				B3B82B612695B4E000CAEE20 /* Assets.xcassets in Resources */,
			);
			runOnlyForDeploymentPostprocessing = 0;
		};
/* End PBXResourcesBuildPhase section */

/* Begin PBXShellScriptBuildPhase section */
		6E51D456AD72EE83676D6A89 /* [CP] Check Pods Manifest.lock */ = {
			isa = PBXShellScriptBuildPhase;
			buildActionMask = 2147483647;
			files = (
			);
			inputFileListPaths = (
			);
			inputPaths = (
				"${PODS_PODFILE_DIR_PATH}/Podfile.lock",
				"${PODS_ROOT}/Manifest.lock",
			);
			name = "[CP] Check Pods Manifest.lock";
			outputFileListPaths = (
			);
			outputPaths = (
				"$(DERIVED_FILE_DIR)/Pods-InterfacesFromCode-checkManifestLockResult.txt",
			);
			runOnlyForDeploymentPostprocessing = 0;
			shellPath = /bin/sh;
			shellScript = "diff \"${PODS_PODFILE_DIR_PATH}/Podfile.lock\" \"${PODS_ROOT}/Manifest.lock\" > /dev/null\nif [ $? != 0 ] ; then\n    # print error to STDERR\n    echo \"error: The sandbox is not in sync with the Podfile.lock. Run 'pod install' or update your CocoaPods installation.\" >&2\n    exit 1\nfi\n# This output is used by Xcode 'outputs' to avoid re-running this script phase.\necho \"SUCCESS\" > \"${SCRIPT_OUTPUT_FILE_0}\"\n";
			showEnvVarsInLog = 0;
		};
		DF024199F09D02293EAD63F5 /* [CP] Embed Pods Frameworks */ = {
			isa = PBXShellScriptBuildPhase;
			buildActionMask = 2147483647;
			files = (
			);
			inputFileListPaths = (
				"${PODS_ROOT}/Target Support Files/Pods-InterfacesFromCode/Pods-InterfacesFromCode-frameworks-${CONFIGURATION}-input-files.xcfilelist",
			);
			name = "[CP] Embed Pods Frameworks";
			outputFileListPaths = (
				"${PODS_ROOT}/Target Support Files/Pods-InterfacesFromCode/Pods-InterfacesFromCode-frameworks-${CONFIGURATION}-output-files.xcfilelist",
			);
			runOnlyForDeploymentPostprocessing = 0;
			shellPath = /bin/sh;
			shellScript = "\"${PODS_ROOT}/Target Support Files/Pods-InterfacesFromCode/Pods-InterfacesFromCode-frameworks.sh\"\n";
			showEnvVarsInLog = 0;
		};
/* End PBXShellScriptBuildPhase section */

/* Begin PBXSourcesBuildPhase section */
		B3B82B502695B4DC00CAEE20 /* Sources */ = {
			isa = PBXSourcesBuildPhase;
			buildActionMask = 2147483647;
			files = (
				B3B82B5C2695B4DC00CAEE20 /* MainPageVC.swift in Sources */,
				B3B82B582695B4DC00CAEE20 /* AppDelegate.swift in Sources */,
				B3B82B732695CB5500CAEE20 /* MainPageView.swift in Sources */,
				B3B82B712695C3F000CAEE20 /* ImageViewController.swift in Sources */,
				B3B82B5A2695B4DC00CAEE20 /* SceneDelegate.swift in Sources */,
				B3B82B6F2695C3DE00CAEE20 /* TableViewController.swift in Sources */,
				B38175A426985B9E001B6EE3 /* UIButtonExtensions.swift in Sources */,
			);
			runOnlyForDeploymentPostprocessing = 0;
		};
/* End PBXSourcesBuildPhase section */

/* Begin PBXVariantGroup section */
		B3B82B622695B4E000CAEE20 /* LaunchScreen.storyboard */ = {
			isa = PBXVariantGroup;
			children = (
				B3B82B632695B4E000CAEE20 /* Base */,
			);
			name = LaunchScreen.storyboard;
			sourceTree = "<group>";
		};
/* End PBXVariantGroup section */

/* Begin XCBuildConfiguration section */
		B3B82B662695B4E000CAEE20 /* Debug */ = {
			isa = XCBuildConfiguration;
			buildSettings = {
				ALWAYS_SEARCH_USER_PATHS = NO;
				CLANG_ANALYZER_NONNULL = YES;
				CLANG_ANALYZER_NUMBER_OBJECT_CONVERSION = YES_AGGRESSIVE;
				CLANG_CXX_LANGUAGE_STANDARD = "gnu++14";
				CLANG_CXX_LIBRARY = "libc++";
				CLANG_ENABLE_MODULES = YES;
				CLANG_ENABLE_OBJC_ARC = YES;
				CLANG_ENABLE_OBJC_WEAK = YES;
				CLANG_WARN_BLOCK_CAPTURE_AUTORELEASING = YES;
				CLANG_WARN_BOOL_CONVERSION = YES;
				CLANG_WARN_COMMA = YES;
				CLANG_WARN_CONSTANT_CONVERSION = YES;
				CLANG_WARN_DEPRECATED_OBJC_IMPLEMENTATIONS = YES;
				CLANG_WARN_DIRECT_OBJC_ISA_USAGE = YES_ERROR;
				CLANG_WARN_DOCUMENTATION_COMMENTS = YES;
				CLANG_WARN_EMPTY_BODY = YES;
				CLANG_WARN_ENUM_CONVERSION = YES;
				CLANG_WARN_INFINITE_RECURSION = YES;
				CLANG_WARN_INT_CONVERSION = YES;
				CLANG_WARN_NON_LITERAL_NULL_CONVERSION = YES;
				CLANG_WARN_OBJC_IMPLICIT_RETAIN_SELF = YES;
				CLANG_WARN_OBJC_LITERAL_CONVERSION = YES;
				CLANG_WARN_OBJC_ROOT_CLASS = YES_ERROR;
				CLANG_WARN_QUOTED_INCLUDE_IN_FRAMEWORK_HEADER = YES;
				CLANG_WARN_RANGE_LOOP_ANALYSIS = YES;
				CLANG_WARN_STRICT_PROTOTYPES = YES;
				CLANG_WARN_SUSPICIOUS_MOVE = YES;
				CLANG_WARN_UNGUARDED_AVAILABILITY = YES_AGGRESSIVE;
				CLANG_WARN_UNREACHABLE_CODE = YES;
				CLANG_WARN__DUPLICATE_METHOD_MATCH = YES;
				COPY_PHASE_STRIP = NO;
				DEBUG_INFORMATION_FORMAT = dwarf;
				ENABLE_STRICT_OBJC_MSGSEND = YES;
				ENABLE_TESTABILITY = YES;
				GCC_C_LANGUAGE_STANDARD = gnu11;
				GCC_DYNAMIC_NO_PIC = NO;
				GCC_NO_COMMON_BLOCKS = YES;
				GCC_OPTIMIZATION_LEVEL = 0;
				GCC_PREPROCESSOR_DEFINITIONS = (
					"DEBUG=1",
					"$(inherited)",
				);
				GCC_WARN_64_TO_32_BIT_CONVERSION = YES;
				GCC_WARN_ABOUT_RETURN_TYPE = YES_ERROR;
				GCC_WARN_UNDECLARED_SELECTOR = YES;
				GCC_WARN_UNINITIALIZED_AUTOS = YES_AGGRESSIVE;
				GCC_WARN_UNUSED_FUNCTION = YES;
				GCC_WARN_UNUSED_VARIABLE = YES;
				IPHONEOS_DEPLOYMENT_TARGET = 14.5;
				MTL_ENABLE_DEBUG_INFO = INCLUDE_SOURCE;
				MTL_FAST_MATH = YES;
				ONLY_ACTIVE_ARCH = YES;
				SDKROOT = iphoneos;
				SWIFT_ACTIVE_COMPILATION_CONDITIONS = DEBUG;
				SWIFT_OPTIMIZATION_LEVEL = "-Onone";
			};
			name = Debug;
		};
		B3B82B672695B4E000CAEE20 /* Release */ = {
			isa = XCBuildConfiguration;
			buildSettings = {
				ALWAYS_SEARCH_USER_PATHS = NO;
				CLANG_ANALYZER_NONNULL = YES;
				CLANG_ANALYZER_NUMBER_OBJECT_CONVERSION = YES_AGGRESSIVE;
				CLANG_CXX_LANGUAGE_STANDARD = "gnu++14";
				CLANG_CXX_LIBRARY = "libc++";
				CLANG_ENABLE_MODULES = YES;
				CLANG_ENABLE_OBJC_ARC = YES;
				CLANG_ENABLE_OBJC_WEAK = YES;
				CLANG_WARN_BLOCK_CAPTURE_AUTORELEASING = YES;
				CLANG_WARN_BOOL_CONVERSION = YES;
				CLANG_WARN_COMMA = YES;
				CLANG_WARN_CONSTANT_CONVERSION = YES;
				CLANG_WARN_DEPRECATED_OBJC_IMPLEMENTATIONS = YES;
				CLANG_WARN_DIRECT_OBJC_ISA_USAGE = YES_ERROR;
				CLANG_WARN_DOCUMENTATION_COMMENTS = YES;
				CLANG_WARN_EMPTY_BODY = YES;
				CLANG_WARN_ENUM_CONVERSION = YES;
				CLANG_WARN_INFINITE_RECURSION = YES;
				CLANG_WARN_INT_CONVERSION = YES;
				CLANG_WARN_NON_LITERAL_NULL_CONVERSION = YES;
				CLANG_WARN_OBJC_IMPLICIT_RETAIN_SELF = YES;
				CLANG_WARN_OBJC_LITERAL_CONVERSION = YES;
				CLANG_WARN_OBJC_ROOT_CLASS = YES_ERROR;
				CLANG_WARN_QUOTED_INCLUDE_IN_FRAMEWORK_HEADER = YES;
				CLANG_WARN_RANGE_LOOP_ANALYSIS = YES;
				CLANG_WARN_STRICT_PROTOTYPES = YES;
				CLANG_WARN_SUSPICIOUS_MOVE = YES;
				CLANG_WARN_UNGUARDED_AVAILABILITY = YES_AGGRESSIVE;
				CLANG_WARN_UNREACHABLE_CODE = YES;
				CLANG_WARN__DUPLICATE_METHOD_MATCH = YES;
				COPY_PHASE_STRIP = NO;
				DEBUG_INFORMATION_FORMAT = "dwarf-with-dsym";
				ENABLE_NS_ASSERTIONS = NO;
				ENABLE_STRICT_OBJC_MSGSEND = YES;
				GCC_C_LANGUAGE_STANDARD = gnu11;
				GCC_NO_COMMON_BLOCKS = YES;
				GCC_WARN_64_TO_32_BIT_CONVERSION = YES;
				GCC_WARN_ABOUT_RETURN_TYPE = YES_ERROR;
				GCC_WARN_UNDECLARED_SELECTOR = YES;
				GCC_WARN_UNINITIALIZED_AUTOS = YES_AGGRESSIVE;
				GCC_WARN_UNUSED_FUNCTION = YES;
				GCC_WARN_UNUSED_VARIABLE = YES;
				IPHONEOS_DEPLOYMENT_TARGET = 14.5;
				MTL_ENABLE_DEBUG_INFO = NO;
				MTL_FAST_MATH = YES;
				SDKROOT = iphoneos;
				SWIFT_COMPILATION_MODE = wholemodule;
				SWIFT_OPTIMIZATION_LEVEL = "-O";
				VALIDATE_PRODUCT = YES;
			};
			name = Release;
		};
		B3B82B692695B4E000CAEE20 /* Debug */ = {
			isa = XCBuildConfiguration;
			baseConfigurationReference = 6E15DBABA12BF914D817185D /* Pods-InterfacesFromCode.debug.xcconfig */;
			buildSettings = {
				ASSETCATALOG_COMPILER_APPICON_NAME = AppIcon;
				ASSETCATALOG_COMPILER_GLOBAL_ACCENT_COLOR_NAME = AccentColor;
				CODE_SIGN_STYLE = Automatic;
				INFOPLIST_FILE = InterfacesFromCode/Info.plist;
				LD_RUNPATH_SEARCH_PATHS = (
					"$(inherited)",
					"@executable_path/Frameworks",
				);
				PRODUCT_BUNDLE_IDENTIFIER = LS.InterfacesFromCode;
				PRODUCT_NAME = "$(TARGET_NAME)";
				SWIFT_VERSION = 5.0;
				TARGETED_DEVICE_FAMILY = 1;
			};
			name = Debug;
		};
		B3B82B6A2695B4E000CAEE20 /* Release */ = {
			isa = XCBuildConfiguration;
			baseConfigurationReference = 52A56C35A1F9A50E98DA995D /* Pods-InterfacesFromCode.release.xcconfig */;
			buildSettings = {
				ASSETCATALOG_COMPILER_APPICON_NAME = AppIcon;
				ASSETCATALOG_COMPILER_GLOBAL_ACCENT_COLOR_NAME = AccentColor;
				CODE_SIGN_STYLE = Automatic;
				INFOPLIST_FILE = InterfacesFromCode/Info.plist;
				LD_RUNPATH_SEARCH_PATHS = (
					"$(inherited)",
					"@executable_path/Frameworks",
				);
				PRODUCT_BUNDLE_IDENTIFIER = LS.InterfacesFromCode;
				PRODUCT_NAME = "$(TARGET_NAME)";
				SWIFT_VERSION = 5.0;
				TARGETED_DEVICE_FAMILY = 1;
			};
			name = Release;
		};
/* End XCBuildConfiguration section */

/* Begin XCConfigurationList section */
		B3B82B4F2695B4DC00CAEE20 /* Build configuration list for PBXProject "InterfacesFromCode" */ = {
			isa = XCConfigurationList;
			buildConfigurations = (
				B3B82B662695B4E000CAEE20 /* Debug */,
				B3B82B672695B4E000CAEE20 /* Release */,
			);
			defaultConfigurationIsVisible = 0;
			defaultConfigurationName = Release;
		};
		B3B82B682695B4E000CAEE20 /* Build configuration list for PBXNativeTarget "InterfacesFromCode" */ = {
			isa = XCConfigurationList;
			buildConfigurations = (
				B3B82B692695B4E000CAEE20 /* Debug */,
				B3B82B6A2695B4E000CAEE20 /* Release */,
			);
			defaultConfigurationIsVisible = 0;
			defaultConfigurationName = Release;
		};
/* End XCConfigurationList section */
	};
	rootObject = B3B82B4C2695B4DC00CAEE20 /* Project object */;
}
